
Microsoft Visual Studio Solution File, Format Version 12.00
# Visual Studio Version 17
VisualStudioVersion = 17.8.34330.188
MinimumVisualStudioVersion = 10.0.40219.1
Project("{9A19103F-16F7-4668-BE54-9A1E7A4F7556}") = "ConsoleApp1", "ConsoleApp1\ConsoleApp1.csproj", "{C74F4351-E063-482D-BCD9-2ED48A3DEA7B}"
EndProject
Project("{2150E333-8FDC-42A3-9474-1A3956D46DE8}") = "Exercices", "Exercices", "{ABE75F18-3988-44D8-9B59-71694DC2F317}"
EndProject
Project("{2150E333-8FDC-42A3-9474-1A3956D46DE8}") = "Demos", "Demos", "{DCEF1CEC-4E6E-41F8-81B7-01167CB24AF0}"
EndProject
Project("{9A19103F-16F7-4668-BE54-9A1E7A4F7556}") = "ExerciceChaise", "ExerciceChaise\ExerciceChaise.csproj", "{024044A1-49E6-4299-9A53-400F11AA1F9A}"
EndProject
Project("{9A19103F-16F7-4668-BE54-9A1E7A4F7556}") = "Demo02Static", "Demo02Static\Demo02Static.csproj", "{F94E519D-9C08-4BFE-A365-2D6FB5CCC5F8}"
EndProject
Project("{9A19103F-16F7-4668-BE54-9A1E7A4F7556}") = "ExerciceSalarie", "ExerciceSalarie\ExerciceSalarie.csproj", "{7C49EF2B-D0D8-41D7-92E3-C4CC68EA54F0}"
EndProject
Project("{9A19103F-16F7-4668-BE54-9A1E7A4F7556}") = "ExerciceWaterTank", "ExerciceWaterTank\ExerciceWaterTank.csproj", "{BC2AEC44-EE66-49D3-991C-136A0327FA3F}"
EndProject
Project("{9A19103F-16F7-4668-BE54-9A1E7A4F7556}") = "ExercicePendu", "ExercicePendu\ExercicePendu.csproj", "{98F90E19-A9F3-4612-BAE6-CF05652DC378}"
EndProject
Project("{9A19103F-16F7-4668-BE54-9A1E7A4F7556}") = "ExerciceSalarie02", "ExerciceSalarie02\ExerciceSalarie02.csproj", "{DB4319FB-F5A6-4C5F-A388-93D2957719B3}"
EndProject
Project("{9A19103F-16F7-4668-BE54-9A1E7A4F7556}") = "ExerciceCompteBancaire", "ExerciceCompteBancaire\ExerciceCompteBancaire.csproj", "{19442084-63BB-4678-9998-21B17A8BC3BF}"
EndProject
Project("{9A19103F-16F7-4668-BE54-9A1E7A4F7556}") = "ExeerciceFigure", "ExeerciceFigure\ExeerciceFigure.csproj", "{EFD0C301-C9BE-41B3-AD7D-4ECE260CDB6B}"
EndProject
Project("{FAE04EC0-301F-11D3-BF4B-00C04F79EFBC}") = "ExercicePile", "ExercicePile\ExercicePile.csproj", "{7C26ACF3-73C8-466E-97DF-53F739390AA4}"
EndProject
Global
	GlobalSection(SolutionConfigurationPlatforms) = preSolution
		Debug|Any CPU = Debug|Any CPU
		Release|Any CPU = Release|Any CPU
	EndGlobalSection
	GlobalSection(ProjectConfigurationPlatforms) = postSolution
		{C74F4351-E063-482D-BCD9-2ED48A3DEA7B}.Debug|Any CPU.ActiveCfg = Debug|Any CPU
		{C74F4351-E063-482D-BCD9-2ED48A3DEA7B}.Debug|Any CPU.Build.0 = Debug|Any CPU
		{C74F4351-E063-482D-BCD9-2ED48A3DEA7B}.Release|Any CPU.ActiveCfg = Release|Any CPU
		{C74F4351-E063-482D-BCD9-2ED48A3DEA7B}.Release|Any CPU.Build.0 = Release|Any CPU
		{024044A1-49E6-4299-9A53-400F11AA1F9A}.Debug|Any CPU.ActiveCfg = Debug|Any CPU
		{024044A1-49E6-4299-9A53-400F11AA1F9A}.Debug|Any CPU.Build.0 = Debug|Any CPU
		{024044A1-49E6-4299-9A53-400F11AA1F9A}.Release|Any CPU.ActiveCfg = Release|Any CPU
		{024044A1-49E6-4299-9A53-400F11AA1F9A}.Release|Any CPU.Build.0 = Release|Any CPU
		{F94E519D-9C08-4BFE-A365-2D6FB5CCC5F8}.Debug|Any CPU.ActiveCfg = Debug|Any CPU
		{F94E519D-9C08-4BFE-A365-2D6FB5CCC5F8}.Debug|Any CPU.Build.0 = Debug|Any CPU
		{F94E519D-9C08-4BFE-A365-2D6FB5CCC5F8}.Release|Any CPU.ActiveCfg = Release|Any CPU
		{F94E519D-9C08-4BFE-A365-2D6FB5CCC5F8}.Release|Any CPU.Build.0 = Release|Any CPU
		{7C49EF2B-D0D8-41D7-92E3-C4CC68EA54F0}.Debug|Any CPU.ActiveCfg = Debug|Any CPU
		{7C49EF2B-D0D8-41D7-92E3-C4CC68EA54F0}.Debug|Any CPU.Build.0 = Debug|Any CPU
		{7C49EF2B-D0D8-41D7-92E3-C4CC68EA54F0}.Release|Any CPU.ActiveCfg = Release|Any CPU
		{7C49EF2B-D0D8-41D7-92E3-C4CC68EA54F0}.Release|Any CPU.Build.0 = Release|Any CPU
		{BC2AEC44-EE66-49D3-991C-136A0327FA3F}.Debug|Any CPU.ActiveCfg = Debug|Any CPU
		{BC2AEC44-EE66-49D3-991C-136A0327FA3F}.Debug|Any CPU.Build.0 = Debug|Any CPU
		{BC2AEC44-EE66-49D3-991C-136A0327FA3F}.Release|Any CPU.ActiveCfg = Release|Any CPU
		{BC2AEC44-EE66-49D3-991C-136A0327FA3F}.Release|Any CPU.Build.0 = Release|Any CPU
		{98F90E19-A9F3-4612-BAE6-CF05652DC378}.Debug|Any CPU.ActiveCfg = Debug|Any CPU
		{98F90E19-A9F3-4612-BAE6-CF05652DC378}.Debug|Any CPU.Build.0 = Debug|Any CPU
		{98F90E19-A9F3-4612-BAE6-CF05652DC378}.Release|Any CPU.ActiveCfg = Release|Any CPU
		{98F90E19-A9F3-4612-BAE6-CF05652DC378}.Release|Any CPU.Build.0 = Release|Any CPU
		{DB4319FB-F5A6-4C5F-A388-93D2957719B3}.Debug|Any CPU.ActiveCfg = Debug|Any CPU
		{DB4319FB-F5A6-4C5F-A388-93D2957719B3}.Debug|Any CPU.Build.0 = Debug|Any CPU
		{DB4319FB-F5A6-4C5F-A388-93D2957719B3}.Release|Any CPU.ActiveCfg = Release|Any CPU
		{DB4319FB-F5A6-4C5F-A388-93D2957719B3}.Release|Any CPU.Build.0 = Release|Any CPU
		{19442084-63BB-4678-9998-21B17A8BC3BF}.Debug|Any CPU.ActiveCfg = Debug|Any CPU
		{19442084-63BB-4678-9998-21B17A8BC3BF}.Debug|Any CPU.Build.0 = Debug|Any CPU
		{19442084-63BB-4678-9998-21B17A8BC3BF}.Release|Any CPU.ActiveCfg = Release|Any CPU
		{19442084-63BB-4678-9998-21B17A8BC3BF}.Release|Any CPU.Build.0 = Release|Any CPU
		{EFD0C301-C9BE-41B3-AD7D-4ECE260CDB6B}.Debug|Any CPU.ActiveCfg = Debug|Any CPU
		{EFD0C301-C9BE-41B3-AD7D-4ECE260CDB6B}.Debug|Any CPU.Build.0 = Debug|Any CPU
		{EFD0C301-C9BE-41B3-AD7D-4ECE260CDB6B}.Release|Any CPU.ActiveCfg = Release|Any CPU
		{EFD0C301-C9BE-41B3-AD7D-4ECE260CDB6B}.Release|Any CPU.Build.0 = Release|Any CPU
		{7C26ACF3-73C8-466E-97DF-53F739390AA4}.Debug|Any CPU.ActiveCfg = Debug|Any CPU
		{7C26ACF3-73C8-466E-97DF-53F739390AA4}.Debug|Any CPU.Build.0 = Debug|Any CPU
		{7C26ACF3-73C8-466E-97DF-53F739390AA4}.Release|Any CPU.ActiveCfg = Release|Any CPU
		{7C26ACF3-73C8-466E-97DF-53F739390AA4}.Release|Any CPU.Build.0 = Release|Any CPU
	EndGlobalSection
	GlobalSection(SolutionProperties) = preSolution
		HideSolutionNode = FALSE
	EndGlobalSection
	GlobalSection(NestedProjects) = preSolution
		{C74F4351-E063-482D-BCD9-2ED48A3DEA7B} = {DCEF1CEC-4E6E-41F8-81B7-01167CB24AF0}
		{024044A1-49E6-4299-9A53-400F11AA1F9A} = {ABE75F18-3988-44D8-9B59-71694DC2F317}
		{F94E519D-9C08-4BFE-A365-2D6FB5CCC5F8} = {DCEF1CEC-4E6E-41F8-81B7-01167CB24AF0}
		{7C49EF2B-D0D8-41D7-92E3-C4CC68EA54F0} = {ABE75F18-3988-44D8-9B59-71694DC2F317}
		{BC2AEC44-EE66-49D3-991C-136A0327FA3F} = {ABE75F18-3988-44D8-9B59-71694DC2F317}
		{98F90E19-A9F3-4612-BAE6-CF05652DC378} = {ABE75F18-3988-44D8-9B59-71694DC2F317}
		{DB4319FB-F5A6-4C5F-A388-93D2957719B3} = {ABE75F18-3988-44D8-9B59-71694DC2F317}
		{19442084-63BB-4678-9998-21B17A8BC3BF} = {ABE75F18-3988-44D8-9B59-71694DC2F317}
		{EFD0C301-C9BE-41B3-AD7D-4ECE260CDB6B} = {ABE75F18-3988-44D8-9B59-71694DC2F317}
		{7C26ACF3-73C8-466E-97DF-53F739390AA4} = {ABE75F18-3988-44D8-9B59-71694DC2F317}
	EndGlobalSection
	GlobalSection(ExtensibilityGlobals) = postSolution
		SolutionGuid = {58126DE3-94A5-488C-9E22-D8E278F5778C}
	EndGlobalSection
EndGlobal
